
Microsoft Visual Studio Solution File, Format Version 12.00
# Visual Studio Version 16
VisualStudioVersion = 16.0.33529.622
MinimumVisualStudioVersion = 10.0.40219.1
Project("{FAE04EC0-301F-11D3-BF4B-00C04F79EFBC}") = "Bai1.1", "Bai1.1\Bai1.1.csproj", "{9F88AAA7-58DA-493C-BAF0-D11A98ACD452}"
EndProject
Global
	GlobalSection(SolutionConfigurationPlatforms) = preSolution
		Debug|Any CPU = Debug|Any CPU
		Release|Any CPU = Release|Any CPU
	EndGlobalSection
	GlobalSection(ProjectConfigurationPlatforms) = postSolution
		{9F88AAA7-58DA-493C-BAF0-D11A98ACD452}.Debug|Any CPU.ActiveCfg = Debug|Any CPU
		{9F88AAA7-58DA-493C-BAF0-D11A98ACD452}.Debug|Any CPU.Build.0 = Debug|Any CPU
		{9F88AAA7-58DA-493C-BAF0-D11A98ACD452}.Release|Any CPU.ActiveCfg = Release|Any CPU
		{9F88AAA7-58DA-493C-BAF0-D11A98ACD452}.Release|Any CPU.Build.0 = Release|Any CPU
	EndGlobalSection
	GlobalSection(SolutionProperties) = preSolution
		HideSolutionNode = FALSE
	EndGlobalSection
	GlobalSection(ExtensibilityGlobals) = postSolution
		SolutionGuid = {E22C2BA7-571D-4C7A-86F4-26E81FBE58FD}
	EndGlobalSection
EndGlobal
